{
  "name": "redstone-wire",
  "version": "1.0.0",
  "lockfileVersion": 3,
  "requires": true,
  "packages": {
    "": {
      "name": "redstone-wire",
      "version": "1.0.0",
      "license": "MIT",
      "dependencies": {
        "backlog.md": "^1.40.0"
      }
    },
    "node_modules/backlog.md": {
      "version": "1.40.0",
      "resolved": "https://registry.npmjs.org/backlog.md/-/backlog.md-1.40.0.tgz",
      "integrity": "sha512-JVYgLYHz7CRK+Twi32rNZW9cEO4CBQ4blkORv2PCgozTIN6fJF5OtPZRc4uVgezmEd+gNyEeKxqAn+6pP0ARzw==",
      "license": "MIT",
      "bin": {
        "backlog": "cli.js"
      },
      "optionalDependencies": {
        "backlog.md-darwin-arm64": "1.40.0",
        "backlog.md-darwin-x64": "1.40.0",
        "backlog.md-linux-arm64": "1.40.0",
        "backlog.md-linux-x64": "1.40.0",
        "backlog.md-windows-x64": "1.40.0"
      }
    },
    "node_modules/backlog.md-darwin-arm64": {
      "version": "1.40.0",
      "resolved": "https://registry.npmjs.org/backlog.md-darwin-arm64/-/backlog.md-darwin-arm64-1.40.0.tgz",
      "integrity": "sha512-N7s5ChI5ibGYiyFHRDIqL0GPQ7f//fvrFkbAvcpor89fagVE4YWIFCB3uE9dTQ6jj6aaOUPKihZzzxSkoVmXZA==",
      "cpu": [
        "arm64"
      ],
      "optional": true,
      "os": [
        "darwin"
      ]
    },
    "node_modules/backlog.md-darwin-x64": {
      "version": "1.40.0",
      "resolved": "https://registry.npmjs.org/backlog.md-darwin-x64/-/backlog.md-darwin-x64-1.40.0.tgz",
      "integrity": "sha512-4oG3vkNlDW1aLPMHnhgaNVd0LWL4kPwpaL5006o2FoHiIQCQVUaa5N7hw5/adn3m+ax5jMTn/kG8FVfDCJ+pbw==",
      "cpu": [
        "x64"
      ],
      "optional": true,
      "os": [
        "darwin"
      ]
    },
    "node_modules/backlog.md-linux-arm64": {
      "version": "1.40.0",
      "resolved": "https://registry.npmjs.org/backlog.md-linux-arm64/-/backlog.md-linux-arm64-1.40.0.tgz",
      "integrity": "sha512-P1fzt9ruyZP3R8AKQ9vhGCzsM1kaYEQthUvGFlNTfaifuqN57Tgp3nkzpJf57PkPKS3OzbQoSemRytQydecjIg==",
      "cpu": [
        "arm64"
      ],
      "optional": true,
      "os": [
        "linux"
      ]
    },
    "node_modules/backlog.md-linux-x64": {
      "version": "1.40.0",
      "resolved": "https://registry.npmjs.org/backlog.md-linux-x64/-/backlog.md-linux-x64-1.40.0.tgz",
      "integrity": "sha512-a+EzotFiHq9NhNrKCynOS73TONgsGWsiX1Emwo0sAKz6EuUvlHM1T00RqQSZLb/zyC7QT78JT2J+xSytQVQWPg==",
      "cpu": [
        "x64"
      ],
      "optional": true,
      "os": [
        "linux"
      ]
    },
    "node_modules/backlog.md-windows-x64": {
      "version": "1.40.0",
      "resolved": "https://registry.npmjs.org/backlog.md-windows-x64/-/backlog.md-windows-x64-1.40.0.tgz",
      "integrity": "sha512-DASZoWXyFj/RXwZ+lJZPfLN4HqMuoj9ZfV4bIi3wXPWRxDc00guCOhmvgKjaxevsdL0WK5ri67vkPsMhhGwCpg==",
      "cpu": [
        "x64"
      ],
      "optional": true,
      "os": [
        "win32"
      ]
    }
  }
}
